PODS:
  - PixlNFTsDiscoverySDK (1.0.0)
  - PixlNFTsPlacementSDK (1.0.7)
  - PixlNFTsSDK (1.0.0)

DEPENDENCIES:
  - PixlNFTsDiscoverySDK (from `https://github.com/Saltb0xApps/Pixl-Discovery-NFTs-SDK`)
  - PixlNFTsPlacementSDK (from `https://github.com/Saltb0xApps/Pixl-Placement-NFTs-SDK`)
  - PixlNFTsSDK (from `https://github.com/Saltb0xApps/Pixl-NFTs-SDK.git`)

EXTERNAL SOURCES:
  PixlNFTsDiscoverySDK:
    :git: https://github.com/Saltb0xApps/Pixl-Discovery-NFTs-SDK
  PixlNFTsPlacementSDK:
    :git: https://github.com/Saltb0xApps/Pixl-Placement-NFTs-SDK
  PixlNFTsSDK:
    :git: https://github.com/Saltb0xApps/Pixl-NFTs-SDK.git

CHECKOUT OPTIONS:
  PixlNFTsDiscoverySDK:
    :commit: 58e7446f858c87c940079a27433b250e6769a6e5
    :git: https://github.com/Saltb0xApps/Pixl-Discovery-NFTs-SDK
  PixlNFTsPlacementSDK:
    :commit: ac5b8aeec451cf8667c2293a57ed05cc2f123589
    :git: https://github.com/Saltb0xApps/Pixl-Placement-NFTs-SDK
  PixlNFTsSDK:
    :commit: ec5e227a6d199664cfd24ccfea8c48ed88df3d78
    :git: https://github.com/Saltb0xApps/Pixl-NFTs-SDK.git

SPEC CHECKSUMS:
  PixlNFTsDiscoverySDK: 58aa5d62a2cf21d6d36b7400efc7a7aa4285ba20
  PixlNFTsPlacementSDK: 564afb3287e5a40c88e3cb5c6a4efc1b198d26f8
  PixlNFTsSDK: 0e7b4175b55280feb60e3d08079272e1bf164e56

PODFILE CHECKSUM: d45c52daca2178ffa0fe0aada4e06f048073a48f

COCOAPODS: 1.11.3
