PODS:
  - PixlNFTsDiscoverySDK (1.1.6)
  - PixlNFTsPlacementSDK (1.3.7)
  - PixlNFTsPortalsSDK (1.0.3)
  - PixlNFTsSDK (1.0.3)

DEPENDENCIES:
  - PixlNFTsDiscoverySDK (from `https://github.com/Saltb0xApps/Pixl-Discovery-NFTs-SDK`)
  - PixlNFTsPlacementSDK (from `https://github.com/Saltb0xApps/Pixl-Placement-NFTs-SDK`)
  - PixlNFTsPortalsSDK (from `https://github.com/Saltb0xApps/Pixl-Portals-NFTs-SDK`)
  - PixlNFTsSDK (from `https://github.com/Saltb0xApps/Pixl-NFTs-SDK.git`)

EXTERNAL SOURCES:
  PixlNFTsDiscoverySDK:
    :git: https://github.com/Saltb0xApps/Pixl-Discovery-NFTs-SDK
  PixlNFTsPlacementSDK:
    :git: https://github.com/Saltb0xApps/Pixl-Placement-NFTs-SDK
  PixlNFTsPortalsSDK:
    :git: https://github.com/Saltb0xApps/Pixl-Portals-NFTs-SDK
  PixlNFTsSDK:
    :git: https://github.com/Saltb0xApps/Pixl-NFTs-SDK.git

CHECKOUT OPTIONS:
  PixlNFTsDiscoverySDK:
    :commit: 80905070633d255a14c04c5c5101c5b838aed994
    :git: https://github.com/Saltb0xApps/Pixl-Discovery-NFTs-SDK
  PixlNFTsPlacementSDK:
    :commit: fd2b6797af6e4b6a4433417ce52fcb0cb2405fd0
    :git: https://github.com/Saltb0xApps/Pixl-Placement-NFTs-SDK
  PixlNFTsPortalsSDK:
    :commit: 47326dc21e3a83ebd3775ad634914c1460d2967f
    :git: https://github.com/Saltb0xApps/Pixl-Portals-NFTs-SDK
  PixlNFTsSDK:
    :commit: ff4e564a230c23850377a1215369a2cfd872c452
    :git: https://github.com/Saltb0xApps/Pixl-NFTs-SDK.git

SPEC CHECKSUMS:
  PixlNFTsDiscoverySDK: 74113ad7bd97883d1b555589398005b954cf2493
  PixlNFTsPlacementSDK: 9b594c7ce421d46beeaad805800c9a537f0865d1
  PixlNFTsPortalsSDK: e29c1a7dade113041b3d4869ebdb0f04539c01e9
  PixlNFTsSDK: 6554467c4d57a67dc8a622cea8bd2c2c51027d59

PODFILE CHECKSUM: 53e36b4f6045326c4e539bdfd8829e67f95fe249

COCOAPODS: 1.11.3
